Microsoft Visual Studio Solution File, Format Version 12.00
# Visual Studio Version 17
VisualStudioVersion = 17.12.35527.113
MinimumVisualStudioVersion = 10.0.40219.1
Project("{FAE04EC0-301F-11D3-BF4B-00C04F79EFBC}") = "LasNotes", "LasNotes\LasNotes.csproj", "{AE26A439-A27C-4B37-80F1-73690A790715}"
EndProject
Project("{FAE04EC0-301F-11D3-BF4B-00C04F79EFBC}") = "MdControl", "MdControl\MdControl.csproj", "{1E5CB227-523F-4D4C-8A1D-E9FA6A957952}"
EndProject
Global
	GlobalSection(SolutionConfigurationPlatforms) = preSolution
		Debug|Any CPU = Debug|Any CPU
		Release|Any CPU = Release|Any CPU
	EndGlobalSection
	GlobalSection(ProjectConfigurationPlatforms) = postSolution
		{AE26A439-A27C-4B37-80F1-73690A790715}.Debug|Any CPU.ActiveCfg = Debug|Any CPU
		{AE26A439-A27C-4B37-80F1-73690A790715}.Debug|Any CPU.Build.0 = Debug|Any CPU
		{AE26A439-A27C-4B37-80F1-73690A790715}.Release|Any CPU.ActiveCfg = Release|Any CPU
		{AE26A439-A27C-4B37-80F1-73690A790715}.Release|Any CPU.Build.0 = Release|Any CPU
		{1E5CB227-523F-4D4C-8A1D-E9FA6A957952}.Debug|Any CPU.ActiveCfg = Debug|Any CPU
		{1E5CB227-523F-4D4C-8A1D-E9FA6A957952}.Debug|Any CPU.Build.0 = Debug|Any CPU
		{1E5CB227-523F-4D4C-8A1D-E9FA6A957952}.Release|Any CPU.ActiveCfg = Release|Any CPU
		{1E5CB227-523F-4D4C-8A1D-E9FA6A957952}.Release|Any CPU.Build.0 = Release|Any CPU
	EndGlobalSection
	GlobalSection(SolutionProperties) = preSolution
		HideSolutionNode = FALSE
	EndGlobalSection
EndGlobal
